
Microsoft Visual Studio Solution File, Format Version 12.00
# Visual Studio Version 17
VisualStudioVersion = 17.8.34309.116
MinimumVisualStudioVersion = 10.0.40219.1
Project("{2150E333-8FDC-42A3-9474-1A3956D46DE8}") = "src", "src", "{081DBBFD-9AC9-4DA7-9AFE-B1A9BFD6B588}"
EndProject
Project("{2150E333-8FDC-42A3-9474-1A3956D46DE8}") = "test", "test", "{325D49D8-A87D-47A3-B59A-2D66F4744583}"
EndProject
Project("{FAE04EC0-301F-11D3-BF4B-00C04F79EFBC}") = "CleanArchitecture.Application", "src\CleanArchitecture.Application\CleanArchitecture.Application.csproj", "{73DF6CF5-107F-458C-9211-ADF36CD02648}"
EndProject
Project("{FAE04EC0-301F-11D3-BF4B-00C04F79EFBC}") = "CleanArchitecture.Infrastructure", "src\CleanArchitecture.Infrastructure\CleanArchitecture.Infrastructure.csproj", "{68FC5ADA-9776-4B13-976E-58FF5D2CE45B}"
EndProject
Project("{FAE04EC0-301F-11D3-BF4B-00C04F79EFBC}") = "CleanArchitecture.WebApi", "src\CleanArchitecture.WebApi\CleanArchitecture.WebApi.csproj", "{820D071D-B7F4-4D6B-A45E-96BAAE424CBD}"
EndProject
Project("{FAE04EC0-301F-11D3-BF4B-00C04F79EFBC}") = "CleanArchitecture.Persistance", "src\CleanArchitecture.Persistance\CleanArchitecture.Persistance.csproj", "{8614C2B3-6531-4156-B7BA-140E99C1614D}"
EndProject
Project("{FAE04EC0-301F-11D3-BF4B-00C04F79EFBC}") = "CleanArchitecture.UnitTest", "test\CleanArchitecture.UnitTest\CleanArchitecture.UnitTest.csproj", "{F5934FDC-B72E-4916-B8E6-13E2B4685CDE}"
EndProject
Project("{FAE04EC0-301F-11D3-BF4B-00C04F79EFBC}") = "CleanArchitecture.Domain", "src\CleanArchitecture.Domain\CleanArchitecture.Domain.csproj", "{5361BBB2-E206-44F3-BF98-09EFD1301450}"
EndProject
Global
	GlobalSection(SolutionConfigurationPlatforms) = preSolution
		Debug|Any CPU = Debug|Any CPU
		Release|Any CPU = Release|Any CPU
	EndGlobalSection
	GlobalSection(ProjectConfigurationPlatforms) = postSolution
		{73DF6CF5-107F-458C-9211-ADF36CD02648}.Debug|Any CPU.ActiveCfg = Debug|Any CPU
		{73DF6CF5-107F-458C-9211-ADF36CD02648}.Debug|Any CPU.Build.0 = Debug|Any CPU
		{73DF6CF5-107F-458C-9211-ADF36CD02648}.Release|Any CPU.ActiveCfg = Release|Any CPU
		{73DF6CF5-107F-458C-9211-ADF36CD02648}.Release|Any CPU.Build.0 = Release|Any CPU
		{68FC5ADA-9776-4B13-976E-58FF5D2CE45B}.Debug|Any CPU.ActiveCfg = Debug|Any CPU
		{68FC5ADA-9776-4B13-976E-58FF5D2CE45B}.Debug|Any CPU.Build.0 = Debug|Any CPU
		{68FC5ADA-9776-4B13-976E-58FF5D2CE45B}.Release|Any CPU.ActiveCfg = Release|Any CPU
		{68FC5ADA-9776-4B13-976E-58FF5D2CE45B}.Release|Any CPU.Build.0 = Release|Any CPU
		{820D071D-B7F4-4D6B-A45E-96BAAE424CBD}.Debug|Any CPU.ActiveCfg = Debug|Any CPU
		{820D071D-B7F4-4D6B-A45E-96BAAE424CBD}.Debug|Any CPU.Build.0 = Debug|Any CPU
		{820D071D-B7F4-4D6B-A45E-96BAAE424CBD}.Release|Any CPU.ActiveCfg = Release|Any CPU
		{820D071D-B7F4-4D6B-A45E-96BAAE424CBD}.Release|Any CPU.Build.0 = Release|Any CPU
		{8614C2B3-6531-4156-B7BA-140E99C1614D}.Debug|Any CPU.ActiveCfg = Debug|Any CPU
		{8614C2B3-6531-4156-B7BA-140E99C1614D}.Debug|Any CPU.Build.0 = Debug|Any CPU
		{8614C2B3-6531-4156-B7BA-140E99C1614D}.Release|Any CPU.ActiveCfg = Release|Any CPU
		{8614C2B3-6531-4156-B7BA-140E99C1614D}.Release|Any CPU.Build.0 = Release|Any CPU
		{F5934FDC-B72E-4916-B8E6-13E2B4685CDE}.Debug|Any CPU.ActiveCfg = Debug|Any CPU
		{F5934FDC-B72E-4916-B8E6-13E2B4685CDE}.Debug|Any CPU.Build.0 = Debug|Any CPU
		{F5934FDC-B72E-4916-B8E6-13E2B4685CDE}.Release|Any CPU.ActiveCfg = Release|Any CPU
		{F5934FDC-B72E-4916-B8E6-13E2B4685CDE}.Release|Any CPU.Build.0 = Release|Any CPU
		{5361BBB2-E206-44F3-BF98-09EFD1301450}.Debug|Any CPU.ActiveCfg = Debug|Any CPU
		{5361BBB2-E206-44F3-BF98-09EFD1301450}.Debug|Any CPU.Build.0 = Debug|Any CPU
		{5361BBB2-E206-44F3-BF98-09EFD1301450}.Release|Any CPU.ActiveCfg = Release|Any CPU
		{5361BBB2-E206-44F3-BF98-09EFD1301450}.Release|Any CPU.Build.0 = Release|Any CPU
	EndGlobalSection
	GlobalSection(SolutionProperties) = preSolution
		HideSolutionNode = FALSE
	EndGlobalSection
	GlobalSection(NestedProjects) = preSolution
		{73DF6CF5-107F-458C-9211-ADF36CD02648} = {081DBBFD-9AC9-4DA7-9AFE-B1A9BFD6B588}
		{68FC5ADA-9776-4B13-976E-58FF5D2CE45B} = {081DBBFD-9AC9-4DA7-9AFE-B1A9BFD6B588}
		{820D071D-B7F4-4D6B-A45E-96BAAE424CBD} = {081DBBFD-9AC9-4DA7-9AFE-B1A9BFD6B588}
		{8614C2B3-6531-4156-B7BA-140E99C1614D} = {081DBBFD-9AC9-4DA7-9AFE-B1A9BFD6B588}
		{F5934FDC-B72E-4916-B8E6-13E2B4685CDE} = {325D49D8-A87D-47A3-B59A-2D66F4744583}
		{5361BBB2-E206-44F3-BF98-09EFD1301450} = {081DBBFD-9AC9-4DA7-9AFE-B1A9BFD6B588}
	EndGlobalSection
	GlobalSection(ExtensibilityGlobals) = postSolution
		SolutionGuid = {4212B72A-539C-4646-B8D7-B0321CE43D06}
	EndGlobalSection
EndGlobal
